{
  "version": 2,
  "dependencies": {
    "net10.0": {
      "coverlet.collector": {
        "type": "Direct",
        "requested": "[10.1.0, )",
        "resolved": "10.1.0",
        "contentHash": "SlYCIHnBYxINSUpR75SiM5JEmnx11pqT+Ac/C/fUqTTA0dLPl9eYzmFXKKuxmQhL3ZdTQl4PBD3YdAxAauaKLQ=="
      },
      "FluentAssertions": {
        "type": "Direct",
        "requested": "[8.11.0, )",
        "resolved": "8.11.0",
        "contentHash": "dZqOxys9uY/0vO5BAwFtDECkFNSr9vWGwHa1fwZyuM1xAMbI4wiPTUBR2nH5e6R2/bQkXegxFY1B/oU1yqNNOw=="
      },
      "Microsoft.EntityFrameworkCore.InMemory": {
        "type": "Direct",
        "requested": "[10.0.12, )",
        "resolved": "10.0.12",
        "contentHash": "zpyIER4WRE4wslktQWBi6aD2DbX6AwOVmMar5yO0tbswQ/vh772Ot2j+1f0/1Nxk98WSRmssLQhRpxWZPk7g+w==",
        "dependencies": {
          "Microsoft.EntityFrameworkCore": "10.0.12",
          "Microsoft.Extensions.Caching.Memory": "10.0.12",
          "Microsoft.Extensions.Logging": "10.0.12"
        }
      },
      "Microsoft.EntityFrameworkCore.Relational": {
        "type": "Direct",
        "requested": "[10.0.12, )",
        "resolved": "10.0.12",
        "contentHash": "OiHmr8XzX96dbgMsYGe8qoqg4KxibdZG2r0QUVJBGktFInOp8IrABe8jvcbo5hrqeWfbwpK7fCEBiEPbY/ik4A==",
        "dependencies": {
          "Microsoft.EntityFrameworkCore": "10.0.12",
          "Microsoft.Extensions.Caching.Memory": "10.0.12",
          "Microsoft.Extensions.Configuration.Abstractions": "10.0.12",
          "Microsoft.Extensions.Logging": "10.0.12"
        }
      },
      "Microsoft.NET.Test.Sdk": {
        "type": "Direct",
        "requested": "[18.10.1, )",
        "resolved": "18.10.1",
        "contentHash": "SxCFvJE/2ltUQgCgv6+Ixagohw4sZc9hM7Wid2foaNM7paBscktoHLoRDz91fW8wbHG87Rg9Ku59/8PXumqUrA==",
        "dependencies": {
          "Microsoft.CodeCoverage": "18.10.1",
          "Microsoft.TestPlatform.TestHost": "18.10.1"
        }
      },
      "Microsoft.VisualStudio.Threading.Analyzers": {
        "type": "Direct",
        "requested": "[18.7.23, )",
        "resolved": "18.7.23",
        "contentHash": "dyj6z8m+LFjpeH69hdnciCcRCmD0YgMlvuQEywiEshjqj/blgQ+PuWX8Vd5gkWQFoBN4e+TFxx6DvGNSv/gIKg=="
      },
      "NSubstitute": {
        "type": "Direct",
        "requested": "[6.2.0, )",
        "resolved": "6.2.0",
        "contentHash": "05oaAmBAvYYUQb/NTb9/kWBDjq0iS772X4t428WJcHRcH+5ULJx6rTbEvqkZJBIHWRLI8MlU3et3F5/gkEHKIw==",
        "dependencies": {
          "Castle.Core": "5.1.1"
        }
      },
      "Roslynator.Analyzers": {
        "type": "Direct",
        "requested": "[5.0.1, )",
        "resolved": "5.0.1",
        "contentHash": "sCZ0Di4B937wKa9pwKbdsE6Njr8A/FdCLw28+yDKyMaDZ/f8JWxcFn6NOCukzKhCG/eA6M2DbXlKkrPi0g0lIA=="
      },
      "SonarAnalyzer.CSharp": {
        "type": "Direct",
        "requested": "[10.35.0.4138, )",
        "resolved": "10.35.0.4138",
        "contentHash": "T5o/tuyPw9pHRkyWxW07TkSri4I4pLpqwH922JuhphDjHAM7BUHaGE67h/w+65evHsIar8mYB2Ey6OmOLj9QDw=="
      },
      "System.IO.Abstractions.TestingHelpers": {
        "type": "Direct",
        "requested": "[22.3.0, )",
        "resolved": "22.3.0",
        "contentHash": "18NddvxRHmpwirzjhMOZ2u0oCdlxUvNQV2hQXPIygEnbAoo0sYOzWY4Jf5WQs/QSOIOBYSFpvq3A003d7HFmTQ==",
        "dependencies": {
          "TestableIO.System.IO.Abstractions.TestingHelpers": "22.3.0"
        }
      },
      "xunit.runner.visualstudio": {
        "type": "Direct",
        "requested": "[4.0.1, )",
        "resolved": "4.0.1",
        "contentHash": "8CoAaZkniVekR1ycJyxn+hOz+6ZQCDPcoIsIs6ujd4WyFcBMlxGNU15Qb8Uxd4iO4UmOuETb0M6vzBbwX/mfLA=="
      },
      "xunit.v3": {
        "type": "Direct",
        "requested": "[4.0.2, )",
        "resolved": "4.0.2",
        "contentHash": "TdjM2OAx7w/0E88E6PgaigLoTbQaxbSR3HF/8p92plchTjf29jPHW27ylvEOz+Nx8CvPwWKGQlOR1fDv6/Qh5A==",
        "dependencies": {
          "xunit.v3.mtp-v2": "[4.0.2]"
        }
      },
      "Castle.Core": {
        "type": "Transitive",
        "resolved": "5.1.1",
        "contentHash": "rpYtIczkzGpf+EkZgDr9CClTdemhsrwA/W5hMoPjLkRFnXzH44zDLoovXeKtmxb1ykXK9aJVODSpiJml8CTw2g==",
        "dependencies": {
          "System.Diagnostics.EventLog": "6.0.0"
        }
      },
      "Microsoft.ApplicationInsights": {
        "type": "Transitive",
        "resolved": "2.23.0",
        "contentHash": "nWArUZTdU7iqZLycLKWe0TDms48KKGE6pONH2terYNa8REXiqixrMOkf1sk5DHGMaUTqONU2YkS4SAXBhLStgw=="
      },
      "Microsoft.Bcl.AsyncInterfaces": {
        "type": "Transitive",
        "resolved": "6.0.0",
        "contentHash": "UcSjPsst+DfAdJGVDsu346FX0ci0ah+lw3WRtn18NUwEqRt70HaOQ7lI72vy3+1LxtqI3T5GWwV39rQSrCzAeg=="
      },
      "Microsoft.CodeCoverage": {
        "type": "Transitive",
        "resolved": "18.10.1",
        "contentHash": "tV7tCyp/t+DuwQugLkCeUN7NBFFB4fEGRPr0gkMQ2nQgAvQQjmGlZZi1dsLzbyoe/A0mbnKybmkIh8qhT9p4Zw=="
      },
      "Microsoft.EntityFrameworkCore.Abstractions": {
        "type": "Transitive",
        "resolved": "10.0.12",
        "contentHash": "kDrux7T6C3V/YYYe2LXr7x6AEsVyq5Y2YoTE9er1SwbDtap3z1g8RgxNh5eKQVyB4T+DKvBBJ4Ezd/VZzJQJZg=="
      },
      "Microsoft.EntityFrameworkCore.Analyzers": {
        "type": "Transitive",
        "resolved": "10.0.12",
        "contentHash": "Kd4o2oO1A6dfKxjz5LS16QyLtpCFTUiFWwmBABETAXRsSImBdRdWeKjSgbbRhAMiV3a3/nWr95ZtzClT4uaADQ=="
      },
      "Microsoft.Extensions.Caching.Abstractions": {
        "type": "Transitive",
        "resolved": "10.0.12",
        "contentHash": "sI3A6MUAyZwccLnwq0cXuRmC3WBtXieimBWafXSfhRJ4jnM2uGVXrqImDDVyW27u4vVaTOGlJxNJd8d1FGvCNQ==",
        "dependencies": {
          "Microsoft.Extensions.Primitives": "10.0.12"
        }
      },
      "Microsoft.Extensions.Caching.Memory": {
        "type": "Transitive",
        "resolved": "10.0.12",
        "contentHash": "fhC3DHcBcFF4bXvHIxFtXJYNut7q7ZItqNFcgWfrIgmpVImlcEKNHhE7ztpNSPJYMHYYStS5QGND2I5mC26yeA==",
        "dependencies": {
          "Microsoft.Extensions.Caching.Abstractions": "10.0.12",
          "Microsoft.Extensions.DependencyInjection.Abstractions": "10.0.12",
          "Microsoft.Extensions.Logging.Abstractions": "10.0.12",
          "Microsoft.Extensions.Options": "10.0.12",
          "Microsoft.Extensions.Primitives": "10.0.12"
        }
      },
      "Microsoft.Extensions.Configuration.Abstractions": {
        "type": "Transitive",
        "resolved": "10.0.12",
        "contentHash": "8xaGcvS/qZ1otoxPQCEJkNva389CVL/plNcvIETZhQTETYdRkYDPEYhUMoAGONo4FU45ufdfE0j29AfWVVj0wA==",
        "dependencies": {
          "Microsoft.Extensions.Primitives": "10.0.12"
        }
      },
      "Microsoft.Extensions.DependencyInjection": {
        "type": "Transitive",
        "resolved": "10.0.12",
        "contentHash": "lXyK2O5GoYvfxW8eCFcD16JFbcoSTM1sJkAM0UHS1jZyl9NYMW64Tqm6OQFT0IDBjZi+xHt95/Zg+nxZhGFhZg==",
        "dependencies": {
          "Microsoft.Extensions.DependencyInjection.Abstractions": "10.0.12"
        }
      },
      "Microsoft.Extensions.DependencyInjection.Abstractions": {
        "type": "Transitive",
        "resolved": "10.0.12",
        "contentHash": "9/qymSh7hVDMGTGwrLz8MRp5zRyXy9adGDOs4HwRdnLil3oZGYuWeZjbmHgCQ9BL1qBroVfgUK3U/nb61617Cw=="
      },
      "Microsoft.Extensions.Logging": {
        "type": "Transitive",
        "resolved": "10.0.12",
        "contentHash": "6I46fTPfgYkrjRYfRXbho9WOvOelTnNjWuZws/hzGHDASH1LEJeA4VKK9k3wJvido8o7jJSB5WkMTonX7HM1bA==",
        "dependencies": {
          "Microsoft.Extensions.DependencyInjection": "10.0.12",
          "Microsoft.Extensions.Logging.Abstractions": "10.0.12",
          "Microsoft.Extensions.Options": "10.0.12"
        }
      },
      "Microsoft.Extensions.Logging.Abstractions": {
        "type": "Transitive",
        "resolved": "10.0.12",
        "contentHash": "+24lC4plfbEDNfLAdTV/SWKS7dW+16X4HdydO3R++134kSNTzcbYA4KpR1Hdh6uWisB8Za3AzwyOn+K+NxWIug==",
        "dependencies": {
          "Microsoft.Extensions.DependencyInjection.Abstractions": "10.0.12"
        }
      },
      "Microsoft.Extensions.Options": {
        "type": "Transitive",
        "resolved": "10.0.12",
        "contentHash": "TDYD33TSRpXKZWlmTXNlj5kCihxatmv2Ec1u6C+bMYLphCS7PoSLE9Pjd/nunDoE7yETk+LLKjVJX78HYtWjpA==",
        "dependencies": {
          "Microsoft.Extensions.DependencyInjection.Abstractions": "10.0.12",
          "Microsoft.Extensions.Primitives": "10.0.12"
        }
      },
      "Microsoft.Extensions.Primitives": {
        "type": "Transitive",
        "resolved": "10.0.12",
        "contentHash": "dYfCLR52UA+3DL7C4I/pvSaRPkNqxrUAQmbFL2u0zvYKKzqgrFCJl08Df+F1aYc8leu9JvpC9bsURUdpExcBXQ=="
      },
      "Microsoft.Testing.Extensions.Telemetry": {
        "type": "Transitive",
        "resolved": "2.5.1",
        "contentHash": "mu2iyoHovwl0q1mGeeRU0h8+LALXC7HqbxniLa1shTKYdJGl+KPoCEgjWIQ8MLzk1tlTGPOfg1JsxdH3RxhMCA==",
        "dependencies": {
          "Microsoft.ApplicationInsights": "2.23.0",
          "Microsoft.Testing.Platform": "[2.5.1, 3.0.0)"
        }
      },
      "Microsoft.Testing.Extensions.TrxReport.Abstractions": {
        "type": "Transitive",
        "resolved": "2.5.1",
        "contentHash": "DYTZAguaHz0wNJdHDTTGYOXtnlDoLoIbTMDKSApNNcytm55DJcnwpwELfQGLk5DB5QlgaEjNhnGo1Pu5QvL5VA==",
        "dependencies": {
          "Microsoft.Testing.Platform": "[2.5.1, 3.0.0)"
        }
      },
      "Microsoft.Testing.Platform": {
        "type": "Transitive",
        "resolved": "2.5.1",
        "contentHash": "FAMaFFWnULW+hDHMb40Qzhcgz9cAU2/EtgRCBNX/DdQoKo0sPG2EiY+w7bQdl/BgHnf/DbpXLbf5Xy0o15M8NA=="
      },
      "Microsoft.Testing.Platform.MSBuild": {
        "type": "Transitive",
        "resolved": "2.5.1",
        "contentHash": "lYawcAwY+h76rQmpma2n0HaL8zkOFbbKapso0Eb+uOAUQn7333pIByLftEuiO67csAoZufHNMwi6PqhNemWQXA==",
        "dependencies": {
          "Microsoft.Testing.Platform": "[2.5.1, 3.0.0)"
        }
      },
      "Microsoft.TestPlatform.ObjectModel": {
        "type": "Transitive",
        "resolved": "18.10.1",
        "contentHash": "o+PuLDRVp1iwiVAPBADZItXgm9Ck23XtPhE4kZtZVi0uYnMiiz1Dx9Cjh75kJ+ijfqnORL3VOTOaQVKi0f/ixg=="
      },
      "Microsoft.TestPlatform.TestHost": {
        "type": "Transitive",
        "resolved": "18.10.1",
        "contentHash": "KYz2omqkoz9E2mWa4fdgT+Ycie1wi5968EmyJlusjlp87RxxtA2FvDm8tcBEYIDzLnkWGnsKjE4d13Z7/rxkQA==",
        "dependencies": {
          "Microsoft.TestPlatform.ObjectModel": "18.10.1"
        }
      },
      "Microsoft.Win32.Registry": {
        "type": "Transitive",
        "resolved": "5.0.0",
        "contentHash": "dDoKi0PnDz31yAyETfRntsLArTlVAVzUzCIvvEDsDsucrl33Dl8pIJG06ePTJTI3tGpeyHS9Cq7Foc/s4EeKcg=="
      },
      "Npgsql.NodaTime": {
        "type": "Transitive",
        "resolved": "10.0.3",
        "contentHash": "6ba1CM/zAoI7bTuBV7cFhTR3qqUsY5FqqqNoOh7dHoFHcyEEpIsMui3mC3Swyc+oyAJG0Zf8DCiXPnAf+sW09A==",
        "dependencies": {
          "NodaTime": "3.2.2",
          "Npgsql": "10.0.3"
        }
      },
      "System.Diagnostics.EventLog": {
        "type": "Transitive",
        "resolved": "6.0.0",
        "contentHash": "lcyUiXTsETK2ALsZrX+nWuHSIQeazhqPphLfaRxzdGaG93+0kELqpgEHtwWOlQe7+jSFnKwaCAgL4kjeZCQJnw=="
      },
      "System.Security.AccessControl": {
        "type": "Transitive",
        "resolved": "6.0.1",
        "contentHash": "IQ4NXP/B3Ayzvw0rDQzVTYsCKyy0Jp9KI6aYcK7UnGVlR9+Awz++TIPCQtPYfLJfOpm8ajowMR09V7quD3sEHw=="
      },
      "TestableIO.System.IO.Abstractions.TestingHelpers": {
        "type": "Transitive",
        "resolved": "22.3.0",
        "contentHash": "kJsKJjXcjSvh0H89afGlsngJHj8n7f1q7juNiLUCbtJr+m208TG6z2RfjCVlGosfgaHBnNhgs0zFy2Z0V1XnZA==",
        "dependencies": {
          "TestableIO.System.IO.Abstractions.Wrappers": "22.3.0",
          "Testably.Abstractions.FileSystem.Interface": "10.4.0"
        }
      },
      "TestableIO.System.IO.Abstractions.Wrappers": {
        "type": "Transitive",
        "resolved": "22.3.0",
        "contentHash": "9TsOEcwIGJXHjkZ/lIpg6KnoRjxpZZ/LpMvNddcXEvmcxWKZdbhSy2UWMpy3oN8klbQ3dcpxbp9AddQk0zE+Kg==",
        "dependencies": {
          "Testably.Abstractions.FileSystem.Interface": "10.4.0"
        }
      },
      "Testably.Abstractions.FileSystem.Interface": {
        "type": "Transitive",
        "resolved": "10.4.0",
        "contentHash": "7G5NzIjs7544Dit0uuvYOOAzD8E4alQS2ENPGT3HV1Ks/1r55O7X4d9g6L273n70IDkgqNdBCmrkWxJLn0xCZA=="
      },
      "xunit.analyzers": {
        "type": "Transitive",
        "resolved": "2.2.0",
        "contentHash": "dXMIIztipcAyL3a19gtUrih/RLrE33/4VJdICoinYqIXXo1KLtsMPsaQ9dO2pE8xajDguwE2kqVbBqE5/EoJ0Q=="
      },
      "xunit.v3.assert": {
        "type": "Transitive",
        "resolved": "4.0.2",
        "contentHash": "5PKRexYlvufWFdXenRcRGKqvaJBBZFJZpqUGlUs9p13eKEgVdOrLpkPknjzUvLY5kEUicK9871DIUDcCPA6AXA=="
      },
      "xunit.v3.common": {
        "type": "Transitive",
        "resolved": "4.0.2",
        "contentHash": "++CtT8daIf6qfieQev/8V88U3zViIDWou5cj+oWps1/Hf73UoaY/L0hKyi3v7Zlt3BmbU0pUc73zCB1GiB4nYA==",
        "dependencies": {
          "Microsoft.Bcl.AsyncInterfaces": "6.0.0"
        }
      },
      "xunit.v3.core.mtp-v2": {
        "type": "Transitive",
        "resolved": "4.0.2",
        "contentHash": "XyPMcQRsnUQLhmBBRRgYWsuPc8TyiANzcXtqfzyWfDpPuyh3Q0K4oWozZYQKZRNGnqJ97ifD6qUDWhsEEe32uw==",
        "dependencies": {
          "Microsoft.Testing.Extensions.Telemetry": "2.5.1",
          "Microsoft.Testing.Extensions.TrxReport.Abstractions": "2.5.1",
          "Microsoft.Testing.Platform": "2.5.1",
          "Microsoft.Testing.Platform.MSBuild": "2.5.1",
          "xunit.v3.extensibility.core": "[4.0.2]",
          "xunit.v3.runner.inproc.console": "[4.0.2]"
        }
      },
      "xunit.v3.extensibility.core": {
        "type": "Transitive",
        "resolved": "4.0.2",
        "contentHash": "ARTt+pGyd86mdtiFBkKpyBQvRC3u0rr8oidBlII2GsAg7D6TfOsDFCsoQtFij83V5pE57m3whUIqT4xjiARXbQ==",
        "dependencies": {
          "xunit.v3.common": "[4.0.2]"
        }
      },
      "xunit.v3.mtp-v2": {
        "type": "Transitive",
        "resolved": "4.0.2",
        "contentHash": "XLV32FhkuvheBStvX0DvjfPEtI+4SOVcIhnlTS+549r8VfVwsjpWdkJtQmQ7D23PA+Zoaqo+sTjBkRSkidC6Tw==",
        "dependencies": {
          "xunit.analyzers": "2.2.0",
          "xunit.v3.assert": "[4.0.2]",
          "xunit.v3.core.mtp-v2": "[4.0.2]"
        }
      },
      "xunit.v3.runner.common": {
        "type": "Transitive",
        "resolved": "4.0.2",
        "contentHash": "YlYKVhTJVcwEgJ6rm59Pjf71lQqKwKxEHqVRxWUuwrwm/nxB/mNFP/lP4vlntDO3GclNnLT9BjYOpJH9gViGQg==",
        "dependencies": {
          "Microsoft.Win32.Registry": "[5.0.0]",
          "System.Security.AccessControl": "[6.0.1]",
          "xunit.v3.common": "[4.0.2]"
        }
      },
      "xunit.v3.runner.inproc.console": {
        "type": "Transitive",
        "resolved": "4.0.2",
        "contentHash": "cg4XNpCN4Ry9nswutknpreN3ckSUBwtjMRmEQSNK/sIKPo6KN5tDGGGCaHDm5HGA4yFVVtTJX65tLCsZArUNfQ==",
        "dependencies": {
          "xunit.v3.extensibility.core": "[4.0.2]",
          "xunit.v3.runner.common": "[4.0.2]"
        }
      },
      "anichron.core": {
        "type": "Project",
        "dependencies": {
          "Microsoft.EntityFrameworkCore": "[10.0.12, )",
          "NodaTime": "[3.3.5, )",
          "Npgsql": "[10.0.3, )",
          "Npgsql.EntityFrameworkCore.PostgreSQL": "[10.0.3, )",
          "Npgsql.EntityFrameworkCore.PostgreSQL.NodaTime": "[10.0.3, )"
        }
      },
      "Microsoft.EntityFrameworkCore": {
        "type": "CentralTransitive",
        "requested": "[10.0.12, )",
        "resolved": "10.0.12",
        "contentHash": "e7OrVN8U5yr4kuwdTHWBHGVQIVsGfMkAr0Ej1/BnrS989Q0XBVANpIzNZ2bc1GvMZ0/XwMt5InTnmKskxGy99Q==",
        "dependencies": {
          "Microsoft.EntityFrameworkCore.Abstractions": "10.0.12",
          "Microsoft.EntityFrameworkCore.Analyzers": "10.0.12",
          "Microsoft.Extensions.Caching.Memory": "10.0.12",
          "Microsoft.Extensions.Logging": "10.0.12"
        }
      },
      "NodaTime": {
        "type": "CentralTransitive",
        "requested": "[3.3.5, )",
        "resolved": "3.3.5",
        "contentHash": "0qtGKHOYhQGCeUItP4RN8KJktsKD9j/B4IqmoecUL+ymReq69O71qEpZY6x0aQPZa5KDLXY41aEOOHZ9T6Uqgw=="
      },
      "Npgsql": {
        "type": "CentralTransitive",
        "requested": "[10.0.3, )",
        "resolved": "10.0.3",
        "contentHash": "7nb5YzXuvWWJxB0J8DiyL3we+X4FOctZrt0fIBnucOIaIevFEEwGQVZKtiu9olXdlNAK1eNgqSral6r/jlhI4w==",
        "dependencies": {
          "Microsoft.Extensions.Logging.Abstractions": "10.0.0"
        }
      },
      "Npgsql.EntityFrameworkCore.PostgreSQL": {
        "type": "CentralTransitive",
        "requested": "[10.0.3, )",
        "resolved": "10.0.3",
        "contentHash": "IPGrrZnRkuW7OlHDhUESZz4G5DLkW7Nej/O3Cx+0iTsgyU5XJxBgpsvTHLloo3WWuAKKbDHXBvWPVkX1deRh1Q==",
        "dependencies": {
          "Microsoft.EntityFrameworkCore": "[10.0.4, 11.0.0)",
          "Microsoft.EntityFrameworkCore.Relational": "[10.0.4, 11.0.0)",
          "Npgsql": "10.0.3"
        }
      },
      "Npgsql.EntityFrameworkCore.PostgreSQL.NodaTime": {
        "type": "CentralTransitive",
        "requested": "[10.0.3, )",
        "resolved": "10.0.3",
        "contentHash": "V84fTKMoEBsi5bAKVWrLDWimGqC6Dhn7ioBtoTpsfjpRmTcpv7FqhSqlqREO+6sHFH2sSXEZHEPWJTPsuKhfjA==",
        "dependencies": {
          "Npgsql.EntityFrameworkCore.PostgreSQL": "10.0.3",
          "Npgsql.NodaTime": "10.0.3"
        }
      }
    }
  }
}